
Microsoft Visual Studio Solution File, Format Version 12.00
# Visual Studio Version 17
VisualStudioVersion = 17.8.34330.188
MinimumVisualStudioVersion = 10.0.40219.1
Project("{FAE04EC0-301F-11D3-BF4B-00C04F79EFBC}") = "Type Calculator", "Type Calculator.csproj", "{4CDD0FE3-771D-4DC7-B61B-3DFB238D1C0E}"
EndProject
Project("{2150E333-8FDC-42A3-9474-1A3956D46DE8}") = "Solution Items", "Solution Items", "{A2BF948E-A784-4BBE-B7BB-B59B3D4CA682}"
	ProjectSection(SolutionItems) = preProject
		.editorconfig = .editorconfig
	EndProjectSection
EndProject
Global
	GlobalSection(SolutionConfigurationPlatforms) = preSolution
		Debug|Any CPU = Debug|Any CPU
		Release|Any CPU = Release|Any CPU
	EndGlobalSection
	GlobalSection(ProjectConfigurationPlatforms) = postSolution
		{4CDD0FE3-771D-4DC7-B61B-3DFB238D1C0E}.Debug|Any CPU.ActiveCfg = Debug|Any CPU
		{4CDD0FE3-771D-4DC7-B61B-3DFB238D1C0E}.Debug|Any CPU.Build.0 = Debug|Any CPU
		{4CDD0FE3-771D-4DC7-B61B-3DFB238D1C0E}.Release|Any CPU.ActiveCfg = Release|Any CPU
		{4CDD0FE3-771D-4DC7-B61B-3DFB238D1C0E}.Release|Any CPU.Build.0 = Release|Any CPU
	EndGlobalSection
	GlobalSection(SolutionProperties) = preSolution
		HideSolutionNode = FALSE
	EndGlobalSection
	GlobalSection(ExtensibilityGlobals) = postSolution
		SolutionGuid = {9B0CD38E-3368-4043-B682-221906A5F4D3}
	EndGlobalSection
EndGlobal
